{
  "name": "module14",
  "version": "1.0.0",
  "lockfileVersion": 2,
  "requires": true,
  "packages": {
    "": {
      "name": "module14",
      "version": "1.0.0",
      "license": "ISC",
      "dependencies": {
        "model": "^6.0.1"
      }
    },
    "node_modules/model": {
      "version": "6.0.1",
      "resolved": "https://registry.npmjs.org/model/-/model-6.0.1.tgz",
      "integrity": "sha512-khQLGVbt7qvMV7/lp990+CaLWJZC6KxtV8y9iJ7Qlj3+82JtJIZfRacVIC8YjTUTHFbUn91FOxWdhRGjRVjdsQ==",
      "deprecated": "model is no longer maintained.",
      "dependencies": {
        "utilities": "1.0.x"
      },
      "engines": {
        "node": "*"
      }
    },
    "node_modules/utilities": {
      "version": "1.0.6",
      "resolved": "https://registry.npmjs.org/utilities/-/utilities-1.0.6.tgz",
      "integrity": "sha512-OYHwdtji3y636osVdsuLdXT4swOAAEwgznGZey9cgGtQma31eLsZ9NzEarQARcIQAv81EBZrCIKn6nIDmv9cZw==",
      "engines": {
        "node": "*"
      }
    }
  },
  "dependencies": {
    "model": {
      "version": "6.0.1",
      "resolved": "https://registry.npmjs.org/model/-/model-6.0.1.tgz",
      "integrity": "sha512-khQLGVbt7qvMV7/lp990+CaLWJZC6KxtV8y9iJ7Qlj3+82JtJIZfRacVIC8YjTUTHFbUn91FOxWdhRGjRVjdsQ==",
      "requires": {
        "utilities": "1.0.x"
      }
    },
    "utilities": {
      "version": "1.0.6",
      "resolved": "https://registry.npmjs.org/utilities/-/utilities-1.0.6.tgz",
      "integrity": "sha512-OYHwdtji3y636osVdsuLdXT4swOAAEwgznGZey9cgGtQma31eLsZ9NzEarQARcIQAv81EBZrCIKn6nIDmv9cZw=="
    }
  }
}
